{
    "_meta": {
        "hash": {
            "sha256": "5a4a2b3ac16741cc68f10d2ff8589d69ed86702f3ffc4217baa0ac4c10228ef3"
        },
        "pipfile-spec": 6,
        "requires": {
            "python_version": "3.8"
        },
        "sources": [
            {
                "name": "pypi",
                "url": "https://pypi.org/simple",
                "verify_ssl": true
            }
        ]
    },
    "default": {
        "django": {
            "hashes": [
                "sha256:3339ff0e03dee13045aef6ae7b523edff75b6d726adf7a7a48f53d5a501f7db7",
                "sha256:f2084ceecff86b1e631c2cd4107d435daf4e12f1efcdf11061a73bf0b5e95f92"
            ],
            "index": "pypi",
            "version": "==2.2.24"
        },
        "django-cors-headers": {
            "hashes": [
                "sha256:9322255c296d5f75089571f29e520c83ff9693df17aa3cf9f6a4bea7c6740169",
                "sha256:db82b2840f667d47872ae3e4a4e0a0d72fbecb42779b8aa233fa8bb965f7836a"
            ],
            "index": "pypi",
            "version": "==3.5.0"
        },
        "django-filter": {
            "hashes": [
                "sha256:84e9d5bb93f237e451db814ed422a3a625751cbc9968b484ecc74964a8696b06",
                "sha256:e00d32cebdb3d54273c48f4f878f898dced8d5dfaad009438fe61ebdf535ace1"
            ],
            "index": "pypi",
            "version": "==2.4.0"
        },
        "django-guardian": {
            "hashes": [
                "sha256:0e70706c6cda88ddaf8849bddb525b8df49de05ba0798d4b3506049f0d95cbc8",
                "sha256:ed2de26e4defb800919c5749fb1bbe370d72829fbd72895b6cf4f7f1a7607e1b"
            ],
            "index": "pypi",
            "version": "==2.3.0"
        },
        "djangorestframework": {
            "hashes": [
                "sha256:0209bafcb7b5010fdfec784034f059d512256424de2a0f084cb82b096d6dd6a7",
                "sha256:0898182b4737a7b584a2c73735d89816343369f259fea932d90dc78e35d8ac33"
            ],
            "index": "pypi",
            "version": "==3.12.2"
        },
        "djangorestframework-simplejwt": {
            "hashes": [
                "sha256:4cb1a51bf9b098b983e1326a1cfc65fb0b3c5a2aa0fa43effdbf05dd6da5e8cb",
                "sha256:d025211806622c53020aa4f66029f1f7305e38de6439116b4a842661fc02cf36"
            ],
            "index": "pypi",
            "version": "==4.3.0"
        },
        "mysqlclient": {
            "hashes": [
                "sha256:3739824f4b8f29a6a4e5fc965f933fdce7c9edc2454990c3e5c6e038779e5580",
                "sha256:4861e33b9fad83dadf38feae77a14106365fc8c354ec4300fab5d8ccfbee4b4e",
                "sha256:4d91dde55230a512937aafc5981c6c11c0efad2c6b3d33e83287208c8bdab367",
                "sha256:8944d9008c29abfa43e3c97551416ea23b2ccb017af85682b79f34fc26dc43ae",
                "sha256:8df057b08fc27d8f7106bfa997d0a21e2acef017f905f06d6fb0aa6a20d4d2b2"
            ],
            "index": "pypi",
            "version": "==2.0.2"
        },
        "pyjwt": {
            "hashes": [
                "sha256:934d73fbba91b0483d3857d1aff50e96b2a892384ee2c17417ed3203f173fca1",
                "sha256:fba44e7898bbca160a2b2b501f492824fc8382485d3a6f11ba5d0c1937ce6130"
            ],
            "markers": "python_version >= '3.6'",
            "version": "==2.1.0"
        },
        "pytz": {
            "hashes": [
                "sha256:83a4a90894bf38e243cf052c8b58f381bfe9a7a483f6a9cab140bc7f702ac4da",
                "sha256:eb10ce3e7736052ed3623d49975ce333bcd712c7bb19a58b9e2089d4057d0798"
            ],
            "version": "==2021.1"
        },
        "sqlparse": {
            "hashes": [
                "sha256:017cde379adbd6a1f15a61873f43e8274179378e95ef3fede90b5aa64d304ed0",
                "sha256:0f91fd2e829c44362cbcfab3e9ae12e22badaa8a29ad5ff599f9ec109f0454e8"
            ],
            "markers": "python_version >= '3.5'",
            "version": "==0.4.1"
        }
    },
    "develop": {}
}
